
Microsoft Visual Studio Solution File, Format Version 12.00
# Visual Studio Version 16
VisualStudioVersion = 16.0.31605.320
MinimumVisualStudioVersion = 10.0.40219.1
Project("{FAE04EC0-301F-11D3-BF4B-00C04F79EFBC}") = "AOC_Day6", "AOC_Day6\AOC_Day6.csproj", "{5BFF0CDC-CBB6-4D1A-8F8A-5E5BA2AC6187}"
EndProject
Global
	GlobalSection(SolutionConfigurationPlatforms) = preSolution
		Debug|Any CPU = Debug|Any CPU
		Release|Any CPU = Release|Any CPU
	EndGlobalSection
	GlobalSection(ProjectConfigurationPlatforms) = postSolution
		{5BFF0CDC-CBB6-4D1A-8F8A-5E5BA2AC6187}.Debug|Any CPU.ActiveCfg = Debug|Any CPU
		{5BFF0CDC-CBB6-4D1A-8F8A-5E5BA2AC6187}.Debug|Any CPU.Build.0 = Debug|Any CPU
		{5BFF0CDC-CBB6-4D1A-8F8A-5E5BA2AC6187}.Release|Any CPU.ActiveCfg = Release|Any CPU
		{5BFF0CDC-CBB6-4D1A-8F8A-5E5BA2AC6187}.Release|Any CPU.Build.0 = Release|Any CPU
	EndGlobalSection
	GlobalSection(SolutionProperties) = preSolution
		HideSolutionNode = FALSE
	EndGlobalSection
	GlobalSection(ExtensibilityGlobals) = postSolution
		SolutionGuid = {FE9E223A-AE34-423C-86EC-C4102FA3C62F}
	EndGlobalSection
EndGlobal
